
Microsoft Visual Studio Solution File, Format Version 12.00
# Visual Studio Version 16
VisualStudioVersion = 16.0.31702.278
MinimumVisualStudioVersion = 10.0.40219.1
Project("{FAE04EC0-301F-11D3-BF4B-00C04F79EFBC}") = "UI.Desktop", "UI.Desktop\UI.Desktop.csproj", "{79E489C5-9604-4995-91F3-39155EBCB1D9}"
EndProject
Project("{FAE04EC0-301F-11D3-BF4B-00C04F79EFBC}") = "Business.Logic", "Business.Logic\Business.Logic.csproj", "{9DC4B5E7-2B08-4C03-BE59-F851BE751FA6}"
EndProject
Project("{FAE04EC0-301F-11D3-BF4B-00C04F79EFBC}") = "Util", "Util\Util.csproj", "{3655075F-A9D3-4B4B-894D-9B3AFB6F0DBE}"
EndProject
Project("{FAE04EC0-301F-11D3-BF4B-00C04F79EFBC}") = "Business.Entities", "Business.Entities\Business.Entities.csproj", "{B0B3AC33-941E-4D0E-9C99-5E6A050FF52F}"
EndProject
Project("{FAE04EC0-301F-11D3-BF4B-00C04F79EFBC}") = "UI.Web", "UI.Web\UI.Web.csproj", "{B3064DDA-9F8B-411B-965F-917D0D399055}"
EndProject
Project("{FAE04EC0-301F-11D3-BF4B-00C04F79EFBC}") = "UI.Consola", "UI.Consola\UI.Consola.csproj", "{98106A30-239A-4BF0-BA04-9AF30BE35A9E}"
EndProject
Project("{FAE04EC0-301F-11D3-BF4B-00C04F79EFBC}") = "Data.Database", "Data.Database\Data.Database.csproj", "{18D1C50F-58E0-4D94-B05B-4A95A146E6BB}"
EndProject
Project("{FAE04EC0-301F-11D3-BF4B-00C04F79EFBC}") = "Login", "Login\Login.csproj", "{111C1A3B-E93B-4345-9E2F-30A6DA587035}"
EndProject
Global
	GlobalSection(SolutionConfigurationPlatforms) = preSolution
		Debug|Any CPU = Debug|Any CPU
		Release|Any CPU = Release|Any CPU
	EndGlobalSection
	GlobalSection(ProjectConfigurationPlatforms) = postSolution
		{79E489C5-9604-4995-91F3-39155EBCB1D9}.Debug|Any CPU.ActiveCfg = Debug|Any CPU
		{79E489C5-9604-4995-91F3-39155EBCB1D9}.Debug|Any CPU.Build.0 = Debug|Any CPU
		{79E489C5-9604-4995-91F3-39155EBCB1D9}.Release|Any CPU.ActiveCfg = Release|Any CPU
		{79E489C5-9604-4995-91F3-39155EBCB1D9}.Release|Any CPU.Build.0 = Release|Any CPU
		{9DC4B5E7-2B08-4C03-BE59-F851BE751FA6}.Debug|Any CPU.ActiveCfg = Debug|Any CPU
		{9DC4B5E7-2B08-4C03-BE59-F851BE751FA6}.Debug|Any CPU.Build.0 = Debug|Any CPU
		{9DC4B5E7-2B08-4C03-BE59-F851BE751FA6}.Release|Any CPU.ActiveCfg = Release|Any CPU
		{9DC4B5E7-2B08-4C03-BE59-F851BE751FA6}.Release|Any CPU.Build.0 = Release|Any CPU
		{3655075F-A9D3-4B4B-894D-9B3AFB6F0DBE}.Debug|Any CPU.ActiveCfg = Debug|Any CPU
		{3655075F-A9D3-4B4B-894D-9B3AFB6F0DBE}.Debug|Any CPU.Build.0 = Debug|Any CPU
		{3655075F-A9D3-4B4B-894D-9B3AFB6F0DBE}.Release|Any CPU.ActiveCfg = Release|Any CPU
		{3655075F-A9D3-4B4B-894D-9B3AFB6F0DBE}.Release|Any CPU.Build.0 = Release|Any CPU
		{B0B3AC33-941E-4D0E-9C99-5E6A050FF52F}.Debug|Any CPU.ActiveCfg = Debug|Any CPU
		{B0B3AC33-941E-4D0E-9C99-5E6A050FF52F}.Debug|Any CPU.Build.0 = Debug|Any CPU
		{B0B3AC33-941E-4D0E-9C99-5E6A050FF52F}.Release|Any CPU.ActiveCfg = Release|Any CPU
		{B0B3AC33-941E-4D0E-9C99-5E6A050FF52F}.Release|Any CPU.Build.0 = Release|Any CPU
		{B3064DDA-9F8B-411B-965F-917D0D399055}.Debug|Any CPU.ActiveCfg = Debug|Any CPU
		{B3064DDA-9F8B-411B-965F-917D0D399055}.Debug|Any CPU.Build.0 = Debug|Any CPU
		{B3064DDA-9F8B-411B-965F-917D0D399055}.Release|Any CPU.ActiveCfg = Release|Any CPU
		{B3064DDA-9F8B-411B-965F-917D0D399055}.Release|Any CPU.Build.0 = Release|Any CPU
		{98106A30-239A-4BF0-BA04-9AF30BE35A9E}.Debug|Any CPU.ActiveCfg = Debug|Any CPU
		{98106A30-239A-4BF0-BA04-9AF30BE35A9E}.Debug|Any CPU.Build.0 = Debug|Any CPU
		{98106A30-239A-4BF0-BA04-9AF30BE35A9E}.Release|Any CPU.ActiveCfg = Release|Any CPU
		{98106A30-239A-4BF0-BA04-9AF30BE35A9E}.Release|Any CPU.Build.0 = Release|Any CPU
		{18D1C50F-58E0-4D94-B05B-4A95A146E6BB}.Debug|Any CPU.ActiveCfg = Debug|Any CPU
		{18D1C50F-58E0-4D94-B05B-4A95A146E6BB}.Debug|Any CPU.Build.0 = Debug|Any CPU
		{18D1C50F-58E0-4D94-B05B-4A95A146E6BB}.Release|Any CPU.ActiveCfg = Release|Any CPU
		{18D1C50F-58E0-4D94-B05B-4A95A146E6BB}.Release|Any CPU.Build.0 = Release|Any CPU
		{111C1A3B-E93B-4345-9E2F-30A6DA587035}.Debug|Any CPU.ActiveCfg = Debug|Any CPU
		{111C1A3B-E93B-4345-9E2F-30A6DA587035}.Debug|Any CPU.Build.0 = Debug|Any CPU
		{111C1A3B-E93B-4345-9E2F-30A6DA587035}.Release|Any CPU.ActiveCfg = Release|Any CPU
		{111C1A3B-E93B-4345-9E2F-30A6DA587035}.Release|Any CPU.Build.0 = Release|Any CPU
	EndGlobalSection
	GlobalSection(SolutionProperties) = preSolution
		HideSolutionNode = FALSE
	EndGlobalSection
	GlobalSection(ExtensibilityGlobals) = postSolution
		SolutionGuid = {1F6A5C3D-15AC-4A86-A1A6-5F8DF5F2E21E}
	EndGlobalSection
EndGlobal
